
Microsoft Visual Studio Solution File, Format Version 12.00
# Visual Studio 2012
Project("{FAE04EC0-301F-11D3-BF4B-00C04F79EFBC}") = "foosure", "foosure\foosure.csproj", "{46D3262C-5EAA-4BCE-A2DD-F3FB32112B1B}"
EndProject
Project("{FAE04EC0-301F-11D3-BF4B-00C04F79EFBC}") = "foosure.Tests", "foosure.Tests\foosure.Tests.csproj", "{EC2899D7-57E4-4760-B58A-3959B4009850}"
EndProject
Project("{FAE04EC0-301F-11D3-BF4B-00C04F79EFBC}") = "foosure.Business", "foosure.Business\foosure.Business.csproj", "{05579CA4-10FF-43AB-A89E-AD28DCED8220}"
EndProject
Project("{FAE04EC0-301F-11D3-BF4B-00C04F79EFBC}") = "foosure.WCF", "foosure.WCF\foosure.WCF.csproj", "{15B3E0D2-6217-493A-A690-158C497F5318}"
EndProject
Global
	GlobalSection(SolutionConfigurationPlatforms) = preSolution
		Debug|Any CPU = Debug|Any CPU
		Release|Any CPU = Release|Any CPU
	EndGlobalSection
	GlobalSection(ProjectConfigurationPlatforms) = postSolution
		{46D3262C-5EAA-4BCE-A2DD-F3FB32112B1B}.Debug|Any CPU.ActiveCfg = Debug|Any CPU
		{46D3262C-5EAA-4BCE-A2DD-F3FB32112B1B}.Debug|Any CPU.Build.0 = Debug|Any CPU
		{46D3262C-5EAA-4BCE-A2DD-F3FB32112B1B}.Release|Any CPU.ActiveCfg = Release|Any CPU
		{46D3262C-5EAA-4BCE-A2DD-F3FB32112B1B}.Release|Any CPU.Build.0 = Release|Any CPU
		{EC2899D7-57E4-4760-B58A-3959B4009850}.Debug|Any CPU.ActiveCfg = Debug|Any CPU
		{EC2899D7-57E4-4760-B58A-3959B4009850}.Debug|Any CPU.Build.0 = Debug|Any CPU
		{EC2899D7-57E4-4760-B58A-3959B4009850}.Release|Any CPU.ActiveCfg = Release|Any CPU
		{EC2899D7-57E4-4760-B58A-3959B4009850}.Release|Any CPU.Build.0 = Release|Any CPU
		{05579CA4-10FF-43AB-A89E-AD28DCED8220}.Debug|Any CPU.ActiveCfg = Debug|Any CPU
		{05579CA4-10FF-43AB-A89E-AD28DCED8220}.Debug|Any CPU.Build.0 = Debug|Any CPU
		{05579CA4-10FF-43AB-A89E-AD28DCED8220}.Release|Any CPU.ActiveCfg = Release|Any CPU
		{05579CA4-10FF-43AB-A89E-AD28DCED8220}.Release|Any CPU.Build.0 = Release|Any CPU
		{15B3E0D2-6217-493A-A690-158C497F5318}.Debug|Any CPU.ActiveCfg = Debug|Any CPU
		{15B3E0D2-6217-493A-A690-158C497F5318}.Debug|Any CPU.Build.0 = Debug|Any CPU
		{15B3E0D2-6217-493A-A690-158C497F5318}.Release|Any CPU.ActiveCfg = Release|Any CPU
		{15B3E0D2-6217-493A-A690-158C497F5318}.Release|Any CPU.Build.0 = Release|Any CPU
	EndGlobalSection
	GlobalSection(SolutionProperties) = preSolution
		HideSolutionNode = FALSE
	EndGlobalSection
EndGlobal
